
Microsoft Visual Studio Solution File, Format Version 12.00
# Visual Studio 15
VisualStudioVersion = 15.0.27428.2043
MinimumVisualStudioVersion = 10.0.40219.1
Project("{FAE04EC0-301F-11D3-BF4B-00C04F79EFBC}") = "WpfApp2", "WpfApp2\WpfApp2.csproj", "{B3FA1CF2-7D93-4D8F-8BC8-F109F037A4A7}"
EndProject
Global
	GlobalSection(SolutionConfigurationPlatforms) = preSolution
		Debug|Any CPU = Debug|Any CPU
		Release|Any CPU = Release|Any CPU
	EndGlobalSection
	GlobalSection(ProjectConfigurationPlatforms) = postSolution
		{B3FA1CF2-7D93-4D8F-8BC8-F109F037A4A7}.Debug|Any CPU.ActiveCfg = Debug|Any CPU
		{B3FA1CF2-7D93-4D8F-8BC8-F109F037A4A7}.Debug|Any CPU.Build.0 = Debug|Any CPU
		{B3FA1CF2-7D93-4D8F-8BC8-F109F037A4A7}.Release|Any CPU.ActiveCfg = Release|Any CPU
		{B3FA1CF2-7D93-4D8F-8BC8-F109F037A4A7}.Release|Any CPU.Build.0 = Release|Any CPU
	EndGlobalSection
	GlobalSection(SolutionProperties) = preSolution
		HideSolutionNode = FALSE
	EndGlobalSection
	GlobalSection(ExtensibilityGlobals) = postSolution
		SolutionGuid = {C0F34CBB-7B2C-481F-ABEA-5A433211D3B8}
	EndGlobalSection
EndGlobal
